
Microsoft Visual Studio Solution File, Format Version 12.00
# Visual Studio Version 17
VisualStudioVersion = 17.14.37111.16 d17.14
MinimumVisualStudioVersion = 10.0.40219.1
Project("{FAE04EC0-301F-11D3-BF4B-00C04F79EFBC}") = "WinFormsApp1", "WinFormsApp1.csproj", "{251573F2-080D-4085-B5B0-5B3479E7A635}"
EndProject
Global
	GlobalSection(SolutionConfigurationPlatforms) = preSolution
		Debug|Any CPU = Debug|Any CPU
		Release|Any CPU = Release|Any CPU
	EndGlobalSection
	GlobalSection(ProjectConfigurationPlatforms) = postSolution
		{251573F2-080D-4085-B5B0-5B3479E7A635}.Debug|Any CPU.ActiveCfg = Debug|Any CPU
		{251573F2-080D-4085-B5B0-5B3479E7A635}.Debug|Any CPU.Build.0 = Debug|Any CPU
		{251573F2-080D-4085-B5B0-5B3479E7A635}.Release|Any CPU.ActiveCfg = Release|Any CPU
		{251573F2-080D-4085-B5B0-5B3479E7A635}.Release|Any CPU.Build.0 = Release|Any CPU
	EndGlobalSection
	GlobalSection(SolutionProperties) = preSolution
		HideSolutionNode = FALSE
	EndGlobalSection
	GlobalSection(ExtensibilityGlobals) = postSolution
		SolutionGuid = {D152367D-7658-4643-9C1D-8E95A590DBE3}
	EndGlobalSection
EndGlobal
